github.com/StackExchange/wmi v0.0.0-20180116203802-5d049714c4a6 h1:fLjPD/aNc3UIOA6tDi6QXUemppXK3P9BI7mr2hd6gx8=
github.com/StackExchange/wmi v0.0.0-20180116203802-5d049714c4a6/go.mod h1:3eOhrUMpNV+6aFIbp5/iudMxNCF27Vw2OZgy4xEx0Fg=
github.com/davecgh/go-spew v1.1.0 h1:ZDRjVQ15GmhC3fiQ8ni8+OwkZQO4DARzQgrnXU1Liz8=
github.com/davecgh/go-spew v1.1.0/go.mod h1:J7Y8YcW2NihsgmVo/mv3lAwl/skON4iLHjSsI+c5H38=
github.com/fsnotify/fsnotify v0.0.0-20161026203122-fd9ec7deca8b h1:XoaGspJy8QzJDAjAGLOfTs7QgRduvv0O4XaD8P67BKE=
github.com/fsnotify/fsnotify v0.0.0-20161026203122-fd9ec7deca8b/go.mod h1:jwhsz4b93w/PPRr/qN1Yymfu8t87LnFCMoQvtojpjFo=
github.com/go-ole/go-ole v0.0.0-20180213002836-a1ec82a652eb h1:LI4I0crHWpdCzhms+Vthv6cVfZWnQ+oOtnJhK6LsjNc=
github.com/go-ole/go-ole v0.0.0-20180213002836-a1ec82a652eb/go.mod h1:7FAglXiTm7HKlQRDeOQ6ZNUHidzCWXuZWq/1dTyBNF8=
github.com/hashicorp/hcl v0.0.0-20161201141704-37ab263305aa h1:9pHgtWyuDahDnESs/udNMB1F+eAT0D9epzPDYAzMNy4=
github.com/hashicorp/hcl v0.0.0-20161201141704-37ab263305aa/go.mod h1:oZtUIOe8dh44I2q6ScRibXws4Ajl+d+nod3AaR9vL5w=
github.com/inconshreveable/mousetrap v1.0.0 h1:Z8tu5sraLXCXIcARxBp/8cbvlwVa7Z1NHg9XEKhtSvM=
github.com/inconshreveable/mousetrap v1.0.0/go.mod h1:PxqpIevigyE2G7u3NXJIT2ANytuPF1OarO4DADm73n8=
github.com/magiconair/properties v0.0.0-20161128003514-9c47895dc1ce h1:fz5qfeQO2cWwcvLLRgng5uqkSWKKLNA8PL6W5uXD27c=
github.com/magiconair/properties v0.0.0-20161128003514-9c47895dc1ce/go.mod h1:PppfXfuXeibc/6YijjN8zIbojt8czPbwD3XqdrwzmxQ=
github.com/mitchellh/mapstructure v0.0.0-20161204053518-5a0325d7fafa h1:6HoKqLsO3bWin9dNp6uOhEnY5WvIu7/dkejMZIjnIMA=
github.com/mitchellh/mapstructure v0.0.0-20161204053518-5a0325d7fafa/go.mod h1:FVVH3fgwuzCH5S8UJGiWEs2h04kUh9fWfEaFds41c1Y=
github.com/pelletier/go-buffruneio v0.1.0 h1:ig6N9Cg71k/P+UUbhwdOFtJWz+qa8/3by7AzMprMWBM=
github.com/pelletier/go-buffruneio v0.1.0/go.mod h1:JkE26KsDizTr40EUHkXVtNPvgGtbSNq5BcowyYOWdKo=
github.com/pelletier/go-toml v0.0.0-20161203113216-ce7be745f09f h1:H3wovvceBI8u2Fd/tf6fiQkJkkKRF6YRG0Rzx3jxbKY=
github.com/pelletier/go-toml v0.0.0-20161203113216-ce7be745f09f/go.mod h1:5z9KED0ma1S8pY6P1sdut58dfprrGBbd/94hg7ilaic=
github.com/pmezard/go-difflib v1.0.0 h1:4DBwDE0NGyQoBHbLQYPwSUPoCMWR5BEzIk/f1lZbAQM=
github.com/pmezard/go-difflib v1.0.0/go.mod h1:iKH77koFhYxTK1pcRnkKkqfTogsbg7gZNVY4sRDYZ/4=
github.com/shirou/gopsutil v0.0.0-20180130011338-c432be29ccce h1:cFtcQ+FX7NWHFEGTIo7Wgu95Elt4qS+4ymVz/h5zHiY=
github.com/shirou/gopsutil v0.0.0-20180130011338-c432be29ccce/go.mod h1:5b4v6he4MtMOwMlS0TUMTu2PcXUg8+E1lC7eC3UO/RA=
github.com/shirou/gopsutil v2.18.12+incompatible h1:1eaJvGomDnH74/5cF4CTmTbLHAriGFsTZppLXDX93OM=
github.com/shirou/gopsutil v2.18.12+incompatible/go.mod h1:5b4v6he4MtMOwMlS0TUMTu2PcXUg8+E1lC7eC3UO/RA=
github.com/shirou/w32 v0.0.0-20160930032740-bb4de0191aa4 h1:udFKJ0aHUL60LboW/A+DfgoHVedieIzIXE8uylPue0U=
github.com/shirou/w32 v0.0.0-20160930032740-bb4de0191aa4/go.mod h1:qsXQc7+bwAM3Q1u/4XEfrquwF8Lw7D7y5cD8CuHnfIc=
github.com/sirupsen/logrus v0.11.5 h1:X30KsLZ9eg2X2fViSIWKcjKTdyYnmFZHlfxEdvW34Gc=
github.com/sirupsen/logrus v0.11.5/go.mod h1:pMByvHTf9Beacp5x1UXfOR9xyW/9antXMhjMPG0dEzc=
github.com/spf13/afero v0.0.0-20161208182142-2f30b2a92c0e h1:hk1vY95PCdEKFi4yrJb8Se0hTHaFYOYm6dZ/I3drujs=
github.com/spf13/afero v0.0.0-20161208182142-2f30b2a92c0e/go.mod h1:j4pytiNVoe2o6bmDsKpLACNPDBIoEAkihy7loJ1B0CQ=
github.com/spf13/cast v0.0.0-20161116013354-24b6558033ff h1:mSjOZKqiZJkUmCW9GaqWOCnkd4EvVKSobZVXOQqnZTU=
github.com/spf13/cast v0.0.0-20161116013354-24b6558033ff/go.mod h1:r2rcYCSwa1IExKTDiTfzaxqT2FNHs8hODu4LnUfgKEg=
github.com/spf13/cobra v0.0.0-20161116132053-9495bc009a56 h1:z69SCENDeO/uoIOmA+T9Blt1N2geI/TJIyNdQgp6rb4=
github.com/spf13/cobra v0.0.0-20161116132053-9495bc009a56/go.mod h1:1l0Ry5zgKvJasoi3XT1TypsSe7PqH0Sj9dhYf7v3XqQ=
github.com/spf13/jwalterweatherman v0.0.0-20160311093646-33c24e77fb80 h1:evyGXhHMrxKBDkdlSPv9HMWV2o53o+Ibhm28BGc0450=
github.com/spf13/jwalterweatherman v0.0.0-20160311093646-33c24e77fb80/go.mod h1:cQK4TGJAtQXfYWX+Ddv3mKDzgVb68N+wFjFa4jdeBTo=
github.com/spf13/pflag v0.0.0-20161024131444-5ccb023bc27d h1:cpV+7T5E6SXMwGmiItJzTK/37mX2aQj1uWCYWtO3q9U=
github.com/spf13/pflag v0.0.0-20161024131444-5ccb023bc27d/go.mod h1:DYY7MBk1bdzusC3SYhjObp+wFpr4gzcvqqNjLnInEg4=
github.com/spf13/viper v0.0.0-20161213093849-5ed0fc31f7f4 h1:bNX/r+R6eIb/3FXQda95HfnWbNL3B+h7tBVtoI8xSpc=
github.com/spf13/viper v0.0.0-20161213093849-5ed0fc31f7f4/go.mod h1:A8kyI5cUJhb8N+3pkfONlcEcZbueH6nhAm0Fq7SrnBM=
github.com/stretchr/objx v0.1.0/go.mod h1:HFkY916IF+rwdDfMAkV7OtwuqBVzrE8GR6GFx+wExME=
github.com/stretchr/testify v1.4.0 h1:2E4SXV/wtOkTonXsotYi4li6zVWxYlZuYNCXe9XRJyk=
github.com/stretchr/testify v1.4.0/go.mod h1:j7eGeouHqKxXV5pUuKE4zz7dFj8WfuZ+81PSLYec5m4=
golang.org/x/sys v0.0.0-20161205170828-478fcf54317e h1:v82VXBBtFjP6ibmPcHb+KsdiDGCUlREprZ6OL0Yrivo=
golang.org/x/sys v0.0.0-20161205170828-478fcf54317e/go.mod h1:STP8DvDyc/dI5b8T5hshtkjS+E42TnysNCUPdjciGhY=
golang.org/x/sys v0.0.0-20190626221950-04f50cda93cb h1:fgwFCsaw9buMuxNd6+DQfAuSFqbNiQZpcgJQAgJsK6k=
golang.org/x/sys v0.0.0-20190626221950-04f50cda93cb/go.mod h1:h1NjWce9XRLGQEsW7wpKNCjG9DtNlClVuFLEZdDNbEs=
golang.org/x/text v0.0.0-20161209224335-47a200a05c8b h1:DiO91brXaroqq0YTFJX1rO+eh1xcNSxIT/gVtyBkgSw=
golang.org/x/text v0.0.0-20161209224335-47a200a05c8b/go.mod h1:NqM8EUOU14njkJ3fqMW+pc6Ldnwhi/IjpwHt7yyuwOQ=
gopkg.in/check.v1 v0.0.0-20161208181325-20d25e280405/go.mod h1:Co6ibVJAznAaIkqp8huTwlJQCZ016jof/cbN4VW5Yz0=
gopkg.in/yaml.v2 v2.0.0-20160928153709-a5b47d31c556 h1:hKXbLW5oaJoQgs8KrzTLdF4PoHi+0oQPgea9TNtvE3E=
gopkg.in/yaml.v2 v2.0.0-20160928153709-a5b47d31c556/go.mod h1:JAlM8MvJe8wmxCU4Bli9HhUf9+ttbYbLASfIpnQbh74=
gopkg.in/yaml.v2 v2.2.2 h1:ZCJp+EgiOT7lHqUV2J862kp8Qj64Jo6az82+3Td9dZw=
gopkg.in/yaml.v2 v2.2.2/go.mod h1:hI93XBmqTisBFMUTm0b8Fm+jr3Dg1NNxqwp+5A1VGuI=
