# This file is autogenerated, do not edit; changes may be undone by the next 'dep ensure'.


[[projects]]
  digest = "1:e92f5581902c345eb4ceffdcd4a854fb8f73cf436d47d837d1ec98ef1fe0a214"
  name = "github.com/StackExchange/wmi"
  packages = ["."]
  pruneopts = "UT"
  revision = "5d049714c4a64225c3c79a7cf7d02f7fb5b96338"
  version = "1.0.0"

[[projects]]
  digest = "1:1521b1649e8ea39627989eed85f560b45faf3681d010ef4a1f4f065b8ea7b4f3"
  name = "github.com/fsnotify/fsnotify"
  packages = ["."]
  pruneopts = "UT"
  revision = "fd9ec7deca8bf46ecd2a795baaacf2b3a9be1197"

[[projects]]
  digest = "1:81daae2ee741dd376214136af8aa0adeb2eb952d29398f49658d29314002f121"
  name = "github.com/go-ole/go-ole"
  packages = [
    ".",
    "oleutil",
  ]
  pruneopts = "UT"
  revision = "a1ec82a652ebc7e784d7df887cfb31061aeabbcc"

[[projects]]
  digest = "1:3dd1939bb7cf68cdfeb9cd91b278a0d73a8e64e0ed03a40d4a237894e514297b"
  name = "github.com/hashicorp/hcl"
  packages = [
    ".",
    "hcl/ast",
    "hcl/parser",
    "hcl/scanner",
    "hcl/strconv",
    "hcl/token",
    "json/parser",
    "json/scanner",
    "json/token",
  ]
  pruneopts = "UT"
  revision = "37ab263305aaeb501a60eb16863e808d426e37f2"

[[projects]]
  digest = "1:870d441fe217b8e689d7949fef6e43efbc787e50f200cb1e70dbca9204a1d6be"
  name = "github.com/inconshreveable/mousetrap"
  packages = ["."]
  pruneopts = "UT"
  revision = "76626ae9c91c4f2a10f34cad8ce83ea42c93bb75"
  version = "v1.0"

[[projects]]
  digest = "1:d782afbb2f1523e1f0966f264f2dff40435a56382b589d4a42364454d4e61f63"
  name = "github.com/magiconair/properties"
  packages = ["."]
  pruneopts = "UT"
  revision = "9c47895dc1ce54302908ab8a43385d1f5df2c11c"

[[projects]]
  digest = "1:4509a4530addfb014d8de43003de2d1a136ea8f09f93b609a3d3bec21c4b65dd"
  name = "github.com/mitchellh/mapstructure"
  packages = ["."]
  pruneopts = "UT"
  revision = "5a0325d7fafaac12dda6e7fb8bd222ec1b69875e"

[[projects]]
  digest = "1:c416b52f6afb8f40cd1ca987ca53c38e65bd169d3de6d89d729880ddf91670f0"
  name = "github.com/pelletier/go-buffruneio"
  packages = ["."]
  pruneopts = "UT"
  revision = "df1e16fde7fc330a0ca68167c23bf7ed6ac31d6d"
  version = "v0.1.0"

[[projects]]
  digest = "1:792350a6cbc71638911a877ba8f56945f250bc56f5a9e68e9ccf4ca9e16bdc9d"
  name = "github.com/pelletier/go-toml"
  packages = ["."]
  pruneopts = "UT"
  revision = "ce7be745f09fe4ff89af8e3ea744e1deabf20ee3"

[[projects]]
  digest = "1:01d9e7766dace7eab1f22818970596479596625058093ae631534c5ad43c862b"
  name = "github.com/shirou/gopsutil"
  packages = [
    "cpu",
    "disk",
    "host",
    "internal/common",
    "load",
    "mem",
    "net",
    "process",
  ]
  pruneopts = "UT"
  revision = "c432be29ccce470088d07eea25b3ea7e68a8afbb"
  version = "v2.18.01"

[[projects]]
  branch = "master"
  digest = "1:99c6a6dab47067c9b898e8c8b13d130c6ab4ffbcc4b7cc6236c2cd0b1e344f5b"
  name = "github.com/shirou/w32"
  packages = ["."]
  pruneopts = "UT"
  revision = "bb4de0191aa41b5507caa14b0650cdbddcd9280b"

[[projects]]
  digest = "1:8011d6367a04c40f1a9f50274e5e22b1cd5c05104d87cd8cf21d5a56c0cc3bd8"
  name = "github.com/sirupsen/logrus"
  packages = ["."]
  pruneopts = "UT"
  revision = "ba1b36c82c5e05c4f912a88eab0dcd91a171688f"
  version = "v0.11.5"

[[projects]]
  digest = "1:bfa0cf18ae62c9a942863e6e7937777b2d44a3dbd42269ff30d26460eb0b73e3"
  name = "github.com/spf13/afero"
  packages = [
    ".",
    "mem",
  ]
  pruneopts = "UT"
  revision = "2f30b2a92c0e5700bcfe4715891adb1f2a7a406d"

[[projects]]
  digest = "1:90da38765d91cc183b71ca69f9fcceb68df945c695d6c9421a36045b57efb6b5"
  name = "github.com/spf13/cast"
  packages = ["."]
  pruneopts = "UT"
  revision = "24b6558033ffe202bf42f0f3b870dcc798dd2ba8"

[[projects]]
  digest = "1:466208cd4f78e2a453d92381511c0fa7bba694a3b42e5bed4a59f3ecbe1bb567"
  name = "github.com/spf13/cobra"
  packages = ["."]
  pruneopts = "UT"
  revision = "9495bc009a56819bdb0ddbc1a373e29c140bc674"

[[projects]]
  digest = "1:16c1437fdd40ea6e3419868c7ee065376bb36c660c63d86dc858bdf05d20033d"
  name = "github.com/spf13/jwalterweatherman"
  packages = ["."]
  pruneopts = "UT"
  revision = "33c24e77fb80341fe7130ee7c594256ff08ccc46"

[[projects]]
  digest = "1:ce8848a6fa8a2014d5fd57b5caa9c3c8000e29fb4cfe1b5e3c3d340ce766d56e"
  name = "github.com/spf13/pflag"
  packages = ["."]
  pruneopts = "UT"
  revision = "5ccb023bc27df288a957c5e994cd44fd19619465"

[[projects]]
  digest = "1:c6ef94be101ebcdd7e4296cf3f0981a7cf520992b2b7eb972e4e49e546a67be0"
  name = "github.com/spf13/viper"
  packages = ["."]
  pruneopts = "UT"
  revision = "5ed0fc31f7f453625df314d8e66b9791e8d13003"

[[projects]]
  digest = "1:04171a544083f675c3f201d1435dbb88f3cd0cf95763123ae3067a062854ab3a"
  name = "golang.org/x/sys"
  packages = [
    "unix",
    "windows",
  ]
  pruneopts = "UT"
  revision = "478fcf54317e52ab69f40bb4c7a1520288d7f7ea"

[[projects]]
  digest = "1:acb3f0a0920a774a911ef413e773ebe9450a399bc989e090c69d0350627b74a1"
  name = "golang.org/x/text"
  packages = [
    "internal/gen",
    "internal/triegen",
    "internal/ucd",
    "transform",
    "unicode/cldr",
    "unicode/norm",
  ]
  pruneopts = "UT"
  revision = "47a200a05c8b3fd1b698571caecbb68beb2611ec"

[[projects]]
  digest = "1:cacb98d52c60c337c2ce95a7af83ba0313a93ce5e73fa9e99a96aff70776b9d3"
  name = "gopkg.in/yaml.v2"
  packages = ["."]
  pruneopts = "UT"
  revision = "a5b47d31c556af34a302ce5d659e6fea44d90de0"

[solve-meta]
  analyzer-name = "dep"
  analyzer-version = 1
  input-imports = [
    "github.com/fsnotify/fsnotify",
    "github.com/shirou/gopsutil/cpu",
    "github.com/shirou/gopsutil/disk",
    "github.com/shirou/gopsutil/host",
    "github.com/shirou/gopsutil/load",
    "github.com/shirou/gopsutil/mem",
    "github.com/shirou/gopsutil/net",
    "github.com/sirupsen/logrus",
    "github.com/spf13/cobra",
    "github.com/spf13/viper",
  ]
  solver-name = "gps-cdcl"
  solver-version = 1
